
Microsoft Visual Studio Solution File, Format Version 12.00
# Visual Studio Version 17
VisualStudioVersion = 17.11.35327.3
MinimumVisualStudioVersion = 10.0.40219.1
Project("{9A19103F-16F7-4668-BE54-9A1E7A4F7556}") = "MMA_Events", "MMA_Events\MMA_Events.csproj", "{C6E5C68D-084F-4CFC-9594-310D32B6512D}"
EndProject
Global
	GlobalSection(SolutionConfigurationPlatforms) = preSolution
		Debug|Any CPU = Debug|Any CPU
		Release|Any CPU = Release|Any CPU
	EndGlobalSection
	GlobalSection(ProjectConfigurationPlatforms) = postSolution
		{C6E5C68D-084F-4CFC-9594-310D32B6512D}.Debug|Any CPU.ActiveCfg = Debug|Any CPU
		{C6E5C68D-084F-4CFC-9594-310D32B6512D}.Debug|Any CPU.Build.0 = Debug|Any CPU
		{C6E5C68D-084F-4CFC-9594-310D32B6512D}.Release|Any CPU.ActiveCfg = Release|Any CPU
		{C6E5C68D-084F-4CFC-9594-310D32B6512D}.Release|Any CPU.Build.0 = Release|Any CPU
	EndGlobalSection
	GlobalSection(SolutionProperties) = preSolution
		HideSolutionNode = FALSE
	EndGlobalSection
	GlobalSection(ExtensibilityGlobals) = postSolution
		SolutionGuid = {F56DE18E-2B8E-4211-ACF6-06833FBA4062}
	EndGlobalSection
EndGlobal
